
Microsoft Visual Studio Solution File, Format Version 12.00
# Visual Studio Version 16
VisualStudioVersion = 16.0.30011.22
MinimumVisualStudioVersion = 10.0.40219.1
Project("{FAE04EC0-301F-11D3-BF4B-00C04F79EFBC}") = "PrismCalculatorFollowingTutorialProject", "PrismCalculatorFollowingTutorialProject\PrismCalculatorFollowingTutorialProject.csproj", "{B854FC9E-02E6-4DC3-9870-25BE991AF1CC}"
EndProject
Global
	GlobalSection(SolutionConfigurationPlatforms) = preSolution
		Debug|Any CPU = Debug|Any CPU
		Release|Any CPU = Release|Any CPU
	EndGlobalSection
	GlobalSection(ProjectConfigurationPlatforms) = postSolution
		{B854FC9E-02E6-4DC3-9870-25BE991AF1CC}.Debug|Any CPU.ActiveCfg = Debug|Any CPU
		{B854FC9E-02E6-4DC3-9870-25BE991AF1CC}.Debug|Any CPU.Build.0 = Debug|Any CPU
		{B854FC9E-02E6-4DC3-9870-25BE991AF1CC}.Release|Any CPU.ActiveCfg = Release|Any CPU
		{B854FC9E-02E6-4DC3-9870-25BE991AF1CC}.Release|Any CPU.Build.0 = Release|Any CPU
	EndGlobalSection
	GlobalSection(SolutionProperties) = preSolution
		HideSolutionNode = FALSE
	EndGlobalSection
	GlobalSection(ExtensibilityGlobals) = postSolution
		SolutionGuid = {F7CDD27F-3DD3-4AF6-A3D9-6FA6D18C4912}
	EndGlobalSection
EndGlobal
